// !$*UTF8*$!
{
	archiveVersion = 1;
	classes = {
	};
	objectVersion = 56;
	objects = {

/* Begin PBXBuildFile section */
		AAB5E21A2A577F4700B3377A /* AppDelegate.swift in Sources */ = {isa = PBXBuildFile; fileRef = AAB5E2192A577F4700B3377A /* AppDelegate.swift */; };
		AAB5E21C2A577F4700B3377A /* SceneDelegate.swift in Sources */ = {isa = PBXBuildFile; fileRef = AAB5E21B2A577F4700B3377A /* SceneDelegate.swift */; };
		AAB5E21E2A577F4700B3377A /* ViewController.swift in Sources */ = {isa = PBXBuildFile; fileRef = AAB5E21D2A577F4700B3377A /* ViewController.swift */; };
		AAB5E2212A577F4700B3377A /* Main.storyboard in Resources */ = {isa = PBXBuildFile; fileRef = AAB5E21F2A577F4700B3377A /* Main.storyboard */; };
		AAB5E2232A577F4900B3377A /* Assets.xcassets in Resources */ = {isa = PBXBuildFile; fileRef = AAB5E2222A577F4900B3377A /* Assets.xcassets */; };
		AAB5E2262A577F4900B3377A /* LaunchScreen.storyboard in Resources */ = {isa = PBXBuildFile; fileRef = AAB5E2242A577F4900B3377A /* LaunchScreen.storyboard */; };
		AAB5E2312A577F4900B3377A /* MyColorMemoAppTests.swift in Sources */ = {isa = PBXBuildFile; fileRef = AAB5E2302A577F4900B3377A /* MyColorMemoAppTests.swift */; };
		AAB5E23B2A577F4900B3377A /* MyColorMemoAppUITests.swift in Sources */ = {isa = PBXBuildFile; fileRef = AAB5E23A2A577F4900B3377A /* MyColorMemoAppUITests.swift */; };
		AAB5E23D2A577F4900B3377A /* MyColorMemoAppUITestsLaunchTests.swift in Sources */ = {isa = PBXBuildFile; fileRef = AAB5E23C2A577F4900B3377A /* MyColorMemoAppUITestsLaunchTests.swift */; };
/* End PBXBuildFile section */

/* Begin PBXContainerItemProxy section */
		AAB5E22D2A577F4900B3377A /* PBXContainerItemProxy */ = {
			isa = PBXContainerItemProxy;
			containerPortal = AAB5E20E2A577F4700B3377A /* Project object */;
			proxyType = 1;
			remoteGlobalIDString = AAB5E2152A577F4700B3377A;
			remoteInfo = MyColorMemoApp;
		};
		AAB5E2372A577F4900B3377A /* PBXContainerItemProxy */ = {
			isa = PBXContainerItemProxy;
			containerPortal = AAB5E20E2A577F4700B3377A /* Project object */;
			proxyType = 1;
			remoteGlobalIDString = AAB5E2152A577F4700B3377A;
			remoteInfo = MyColorMemoApp;
		};
/* End PBXContainerItemProxy section */

/* Begin PBXFileReference section */
		AAB5E2162A577F4700B3377A /* MyColorMemoApp.app */ = {isa = PBXFileReference; explicitFileType = wrapper.application; includeInIndex = 0; path = MyColorMemoApp.app; sourceTree = BUILT_PRODUCTS_DIR; };
		AAB5E2192A577F4700B3377A /* AppDelegate.swift */ = {isa = PBXFileReference; lastKnownFileType = sourcecode.swift; path = AppDelegate.swift; sourceTree = "<group>"; };
		AAB5E21B2A577F4700B3377A /* SceneDelegate.swift */ = {isa = PBXFileReference; lastKnownFileType = sourcecode.swift; path = SceneDelegate.swift; sourceTree = "<group>"; };
		AAB5E21D2A577F4700B3377A /* ViewController.swift */ = {isa = PBXFileReference; lastKnownFileType = sourcecode.swift; path = ViewController.swift; sourceTree = "<group>"; };
		AAB5E2202A577F4700B3377A /* Base */ = {isa = PBXFileReference; lastKnownFileType = file.storyboard; name = Base; path = Base.lproj/Main.storyboard; sourceTree = "<group>"; };
		AAB5E2222A577F4900B3377A /* Assets.xcassets */ = {isa = PBXFileReference; lastKnownFileType = folder.assetcatalog; path = Assets.xcassets; sourceTree = "<group>"; };
		AAB5E2252A577F4900B3377A /* Base */ = {isa = PBXFileReference; lastKnownFileType = file.storyboard; name = Base; path = Base.lproj/LaunchScreen.storyboard; sourceTree = "<group>"; };
		AAB5E2272A577F4900B3377A /* Info.plist */ = {isa = PBXFileReference; lastKnownFileType = text.plist.xml; path = Info.plist; sourceTree = "<group>"; };
		AAB5E22C2A577F4900B3377A /* MyColorMemoAppTests.xctest */ = {isa = PBXFileReference; explicitFileType = wrapper.cfbundle; includeInIndex = 0; path = MyColorMemoAppTests.xctest; sourceTree = BUILT_PRODUCTS_DIR; };
		AAB5E2302A577F4900B3377A /* MyColorMemoAppTests.swift */ = {isa = PBXFileReference; lastKnownFileType = sourcecode.swift; path = MyColorMemoAppTests.swift; sourceTree = "<group>"; };
		AAB5E2362A577F4900B3377A /* MyColorMemoAppUITests.xctest */ = {isa = PBXFileReference; explicitFileType = wrapper.cfbundle; includeInIndex = 0; path = MyColorMemoAppUITests.xctest; sourceTree = BUILT_PRODUCTS_DIR; };
		AAB5E23A2A577F4900B3377A /* MyColorMemoAppUITests.swift */ = {isa = PBXFileReference; lastKnownFileType = sourcecode.swift; path = MyColorMemoAppUITests.swift; sourceTree = "<group>"; };
		AAB5E23C2A577F4900B3377A /* MyColorMemoAppUITestsLaunchTests.swift */ = {isa = PBXFileReference; lastKnownFileType = sourcecode.swift; path = MyColorMemoAppUITestsLaunchTests.swift; sourceTree = "<group>"; };
/* End PBXFileReference section */

/* Begin PBXFrameworksBuildPhase section */
		AAB5E2132A577F4700B3377A /* Frameworks */ = {
			isa = PBXFrameworksBuildPhase;
			buildActionMask = 2147483647;
			files = (
			);
			runOnlyForDeploymentPostprocessing = 0;
		};
		AAB5E2292A577F4900B3377A /* Frameworks */ = {
			isa = PBXFrameworksBuildPhase;
			buildActionMask = 2147483647;
			files = (
			);
			runOnlyForDeploymentPostprocessing = 0;
		};
		AAB5E2332A577F4900B3377A /* Frameworks */ = {
			isa = PBXFrameworksBuildPhase;
			buildActionMask = 2147483647;
			files = (
			);
			runOnlyForDeploymentPostprocessing = 0;
		};
/* End PBXFrameworksBuildPhase section */

/* Begin PBXGroup section */
		AAB5E20D2A577F4700B3377A = {
			isa = PBXGroup;
			children = (
				AAB5E2182A577F4700B3377A /* MyColorMemoApp */,
				AAB5E22F2A577F4900B3377A /* MyColorMemoAppTests */,
				AAB5E2392A577F4900B3377A /* MyColorMemoAppUITests */,
				AAB5E2172A577F4700B3377A /* Products */,
			);
			sourceTree = "<group>";
		};
		AAB5E2172A577F4700B3377A /* Products */ = {
			isa = PBXGroup;
			children = (
				AAB5E2162A577F4700B3377A /* MyColorMemoApp.app */,
				AAB5E22C2A577F4900B3377A /* MyColorMemoAppTests.xctest */,
				AAB5E2362A577F4900B3377A /* MyColorMemoAppUITests.xctest */,
			);
			name = Products;
			sourceTree = "<group>";
		};
		AAB5E2182A577F4700B3377A /* MyColorMemoApp */ = {
			isa = PBXGroup;
			children = (
				AAB5E2192A577F4700B3377A /* AppDelegate.swift */,
				AAB5E21B2A577F4700B3377A /* SceneDelegate.swift */,
				AAB5E21D2A577F4700B3377A /* ViewController.swift */,
				AAB5E21F2A577F4700B3377A /* Main.storyboard */,
				AAB5E2222A577F4900B3377A /* Assets.xcassets */,
				AAB5E2242A577F4900B3377A /* LaunchScreen.storyboard */,
				AAB5E2272A577F4900B3377A /* Info.plist */,
			);
			path = MyColorMemoApp;
			sourceTree = "<group>";
		};
		AAB5E22F2A577F4900B3377A /* MyColorMemoAppTests */ = {
			isa = PBXGroup;
			children = (
				AAB5E2302A577F4900B3377A /* MyColorMemoAppTests.swift */,
			);
			path = MyColorMemoAppTests;
			sourceTree = "<group>";
		};
		AAB5E2392A577F4900B3377A /* MyColorMemoAppUITests */ = {
			isa = PBXGroup;
			children = (
				AAB5E23A2A577F4900B3377A /* MyColorMemoAppUITests.swift */,
				AAB5E23C2A577F4900B3377A /* MyColorMemoAppUITestsLaunchTests.swift */,
			);
			path = MyColorMemoAppUITests;
			sourceTree = "<group>";
		};
/* End PBXGroup section */

/* Begin PBXNativeTarget section */
		AAB5E2152A577F4700B3377A /* MyColorMemoApp */ = {
			isa = PBXNativeTarget;
			buildConfigurationList = AAB5E2402A577F4900B3377A /* Build configuration list for PBXNativeTarget "MyColorMemoApp" */;
			buildPhases = (
				AAB5E2122A577F4700B3377A /* Sources */,
				AAB5E2132A577F4700B3377A /* Frameworks */,
				AAB5E2142A577F4700B3377A /* Resources */,
			);
			buildRules = (
			);
			dependencies = (
			);
			name = MyColorMemoApp;
			productName = MyColorMemoApp;
			productReference = AAB5E2162A577F4700B3377A /* MyColorMemoApp.app */;
			productType = "com.apple.product-type.application";
		};
		AAB5E22B2A577F4900B3377A /* MyColorMemoAppTests */ = {
			isa = PBXNativeTarget;
			buildConfigurationList = AAB5E2432A577F4900B3377A /* Build configuration list for PBXNativeTarget "MyColorMemoAppTests" */;
			buildPhases = (
				AAB5E2282A577F4900B3377A /* Sources */,
				AAB5E2292A577F4900B3377A /* Frameworks */,
				AAB5E22A2A577F4900B3377A /* Resources */,
			);
			buildRules = (
			);
			dependencies = (
				AAB5E22E2A577F4900B3377A /* PBXTargetDependency */,
			);
			name = MyColorMemoAppTests;
			productName = MyColorMemoAppTests;
			productReference = AAB5E22C2A577F4900B3377A /* MyColorMemoAppTests.xctest */;
			productType = "com.apple.product-type.bundle.unit-test";
		};
		AAB5E2352A577F4900B3377A /* MyColorMemoAppUITests */ = {
			isa = PBXNativeTarget;
			buildConfigurationList = AAB5E2462A577F4900B3377A /* Build configuration list for PBXNativeTarget "MyColorMemoAppUITests" */;
			buildPhases = (
				AAB5E2322A577F4900B3377A /* Sources */,
				AAB5E2332A577F4900B3377A /* Frameworks */,
				AAB5E2342A577F4900B3377A /* Resources */,
			);
			buildRules = (
			);
			dependencies = (
				AAB5E2382A577F4900B3377A /* PBXTargetDependency */,
			);
			name = MyColorMemoAppUITests;
			productName = MyColorMemoAppUITests;
			productReference = AAB5E2362A577F4900B3377A /* MyColorMemoAppUITests.xctest */;
			productType = "com.apple.product-type.bundle.ui-testing";
		};
/* End PBXNativeTarget section */

/* Begin PBXProject section */
		AAB5E20E2A577F4700B3377A /* Project object */ = {
			isa = PBXProject;
			attributes = {
				BuildIndependentTargetsInParallel = 1;
				LastSwiftUpdateCheck = 1430;
				LastUpgradeCheck = 1430;
				TargetAttributes = {
					AAB5E2152A577F4700B3377A = {
						CreatedOnToolsVersion = 14.3.1;
					};
					AAB5E22B2A577F4900B3377A = {
						CreatedOnToolsVersion = 14.3.1;
						TestTargetID = AAB5E2152A577F4700B3377A;
					};
					AAB5E2352A577F4900B3377A = {
						CreatedOnToolsVersion = 14.3.1;
						TestTargetID = AAB5E2152A577F4700B3377A;
					};
				};
			};
			buildConfigurationList = AAB5E2112A577F4700B3377A /* Build configuration list for PBXProject "MyColorMemoApp" */;
			compatibilityVersion = "Xcode 14.0";
			developmentRegion = en;
			hasScannedForEncodings = 0;
			knownRegions = (
				en,
				Base,
			);
			mainGroup = AAB5E20D2A577F4700B3377A;
			productRefGroup = AAB5E2172A577F4700B3377A /* Products */;
			projectDirPath = "";
			projectRoot = "";
			targets = (
				AAB5E2152A577F4700B3377A /* MyColorMemoApp */,
				AAB5E22B2A577F4900B3377A /* MyColorMemoAppTests */,
				AAB5E2352A577F4900B3377A /* MyColorMemoAppUITests */,
			);
		};
/* End PBXProject section */

/* Begin PBXResourcesBuildPhase section */
		AAB5E2142A577F4700B3377A /* Resources */ = {
			isa = PBXResourcesBuildPhase;
			buildActionMask = 2147483647;
			files = (
				AAB5E2262A577F4900B3377A /* LaunchScreen.storyboard in Resources */,
				AAB5E2232A577F4900B3377A /* Assets.xcassets in Resources */,
				AAB5E2212A577F4700B3377A /* Main.storyboard in Resources */,
			);
			runOnlyForDeploymentPostprocessing = 0;
		};
		AAB5E22A2A577F4900B3377A /* Resources */ = {
			isa = PBXResourcesBuildPhase;
			buildActionMask = 2147483647;
			files = (
			);
			runOnlyForDeploymentPostprocessing = 0;
		};
		AAB5E2342A577F4900B3377A /* Resources */ = {
			isa = PBXResourcesBuildPhase;
			buildActionMask = 2147483647;
			files = (
			);
			runOnlyForDeploymentPostprocessing = 0;
		};
/* End PBXResourcesBuildPhase section */

/* Begin PBXSourcesBuildPhase section */
		AAB5E2122A577F4700B3377A /* Sources */ = {
			isa = PBXSourcesBuildPhase;
			buildActionMask = 2147483647;
			files = (
				AAB5E21E2A577F4700B3377A /* ViewController.swift in Sources */,
				AAB5E21A2A577F4700B3377A /* AppDelegate.swift in Sources */,
				AAB5E21C2A577F4700B3377A /* SceneDelegate.swift in Sources */,
			);
			runOnlyForDeploymentPostprocessing = 0;
		};
		AAB5E2282A577F4900B3377A /* Sources */ = {
			isa = PBXSourcesBuildPhase;
			buildActionMask = 2147483647;
			files = (
				AAB5E2312A577F4900B3377A /* MyColorMemoAppTests.swift in Sources */,
			);
			runOnlyForDeploymentPostprocessing = 0;
		};
		AAB5E2322A577F4900B3377A /* Sources */ = {
			isa = PBXSourcesBuildPhase;
			buildActionMask = 2147483647;
			files = (
				AAB5E23D2A577F4900B3377A /* MyColorMemoAppUITestsLaunchTests.swift in Sources */,
				AAB5E23B2A577F4900B3377A /* MyColorMemoAppUITests.swift in Sources */,
			);
			runOnlyForDeploymentPostprocessing = 0;
		};
/* End PBXSourcesBuildPhase section */

/* Begin PBXTargetDependency section */
		AAB5E22E2A577F4900B3377A /* PBXTargetDependency */ = {
			isa = PBXTargetDependency;
			target = AAB5E2152A577F4700B3377A /* MyColorMemoApp */;
			targetProxy = AAB5E22D2A577F4900B3377A /* PBXContainerItemProxy */;
		};
		AAB5E2382A577F4900B3377A /* PBXTargetDependency */ = {
			isa = PBXTargetDependency;
			target = AAB5E2152A577F4700B3377A /* MyColorMemoApp */;
			targetProxy = AAB5E2372A577F4900B3377A /* PBXContainerItemProxy */;
		};
/* End PBXTargetDependency section */

/* Begin PBXVariantGroup section */
		AAB5E21F2A577F4700B3377A /* Main.storyboard */ = {
			isa = PBXVariantGroup;
			children = (
				AAB5E2202A577F4700B3377A /* Base */,
			);
			name = Main.storyboard;
			sourceTree = "<group>";
		};
		AAB5E2242A577F4900B3377A /* LaunchScreen.storyboard */ = {
			isa = PBXVariantGroup;
			children = (
				AAB5E2252A577F4900B3377A /* Base */,
			);
			name = LaunchScreen.storyboard;
			sourceTree = "<group>";
		};
/* End PBXVariantGroup section */

/* Begin XCBuildConfiguration section */
		AAB5E23E2A577F4900B3377A /* Debug */ = {
			isa = XCBuildConfiguration;
			buildSettings = {
				ALWAYS_SEARCH_USER_PATHS = NO;
				CLANG_ANALYZER_NONNULL = YES;
				CLANG_ANALYZER_NUMBER_OBJECT_CONVERSION = YES_AGGRESSIVE;
				CLANG_CXX_LANGUAGE_STANDARD = "gnu++20";
				CLANG_ENABLE_MODULES = YES;
				CLANG_ENABLE_OBJC_ARC = YES;
				CLANG_ENABLE_OBJC_WEAK = YES;
				CLANG_WARN_BLOCK_CAPTURE_AUTORELEASING = YES;
				CLANG_WARN_BOOL_CONVERSION = YES;
				CLANG_WARN_COMMA = YES;
				CLANG_WARN_CONSTANT_CONVERSION = YES;
				CLANG_WARN_DEPRECATED_OBJC_IMPLEMENTATIONS = YES;
				CLANG_WARN_DIRECT_OBJC_ISA_USAGE = YES_ERROR;
				CLANG_WARN_DOCUMENTATION_COMMENTS = YES;
				CLANG_WARN_EMPTY_BODY = YES;
				CLANG_WARN_ENUM_CONVERSION = YES;
				CLANG_WARN_INFINITE_RECURSION = YES;
				CLANG_WARN_INT_CONVERSION = YES;
				CLANG_WARN_NON_LITERAL_NULL_CONVERSION = YES;
				CLANG_WARN_OBJC_IMPLICIT_RETAIN_SELF = YES;
				CLANG_WARN_OBJC_LITERAL_CONVERSION = YES;
				CLANG_WARN_OBJC_ROOT_CLASS = YES_ERROR;
				CLANG_WARN_QUOTED_INCLUDE_IN_FRAMEWORK_HEADER = YES;
				CLANG_WARN_RANGE_LOOP_ANALYSIS = YES;
				CLANG_WARN_STRICT_PROTOTYPES = YES;
				CLANG_WARN_SUSPICIOUS_MOVE = YES;
				CLANG_WARN_UNGUARDED_AVAILABILITY = YES_AGGRESSIVE;
				CLANG_WARN_UNREACHABLE_CODE = YES;
				CLANG_WARN__DUPLICATE_METHOD_MATCH = YES;
				COPY_PHASE_STRIP = NO;
				DEBUG_INFORMATION_FORMAT = dwarf;
				ENABLE_STRICT_OBJC_MSGSEND = YES;
				ENABLE_TESTABILITY = YES;
				GCC_C_LANGUAGE_STANDARD = gnu11;
				GCC_DYNAMIC_NO_PIC = NO;
				GCC_NO_COMMON_BLOCKS = YES;
				GCC_OPTIMIZATION_LEVEL = 0;
				GCC_PREPROCESSOR_DEFINITIONS = (
					"DEBUG=1",
					"$(inherited)",
				);
				GCC_WARN_64_TO_32_BIT_CONVERSION = YES;
				GCC_WARN_ABOUT_RETURN_TYPE = YES_ERROR;
				GCC_WARN_UNDECLARED_SELECTOR = YES;
				GCC_WARN_UNINITIALIZED_AUTOS = YES_AGGRESSIVE;
				GCC_WARN_UNUSED_FUNCTION = YES;
				GCC_WARN_UNUSED_VARIABLE = YES;
				IPHONEOS_DEPLOYMENT_TARGET = 16.4;
				MTL_ENABLE_DEBUG_INFO = INCLUDE_SOURCE;
				MTL_FAST_MATH = YES;
				ONLY_ACTIVE_ARCH = YES;
				SDKROOT = iphoneos;
				SWIFT_ACTIVE_COMPILATION_CONDITIONS = DEBUG;
				SWIFT_OPTIMIZATION_LEVEL = "-Onone";
			};
			name = Debug;
		};
		AAB5E23F2A577F4900B3377A /* Release */ = {
			isa = XCBuildConfiguration;
			buildSettings = {
				ALWAYS_SEARCH_USER_PATHS = NO;
				CLANG_ANALYZER_NONNULL = YES;
				CLANG_ANALYZER_NUMBER_OBJECT_CONVERSION = YES_AGGRESSIVE;
				CLANG_CXX_LANGUAGE_STANDARD = "gnu++20";
				CLANG_ENABLE_MODULES = YES;
				CLANG_ENABLE_OBJC_ARC = YES;
				CLANG_ENABLE_OBJC_WEAK = YES;
				CLANG_WARN_BLOCK_CAPTURE_AUTORELEASING = YES;
				CLANG_WARN_BOOL_CONVERSION = YES;
				CLANG_WARN_COMMA = YES;
				CLANG_WARN_CONSTANT_CONVERSION = YES;
				CLANG_WARN_DEPRECATED_OBJC_IMPLEMENTATIONS = YES;
				CLANG_WARN_DIRECT_OBJC_ISA_USAGE = YES_ERROR;
				CLANG_WARN_DOCUMENTATION_COMMENTS = YES;
				CLANG_WARN_EMPTY_BODY = YES;
				CLANG_WARN_ENUM_CONVERSION = YES;
				CLANG_WARN_INFINITE_RECURSION = YES;
				CLANG_WARN_INT_CONVERSION = YES;
				CLANG_WARN_NON_LITERAL_NULL_CONVERSION = YES;
				CLANG_WARN_OBJC_IMPLICIT_RETAIN_SELF = YES;
				CLANG_WARN_OBJC_LITERAL_CONVERSION = YES;
				CLANG_WARN_OBJC_ROOT_CLASS = YES_ERROR;
				CLANG_WARN_QUOTED_INCLUDE_IN_FRAMEWORK_HEADER = YES;
				CLANG_WARN_RANGE_LOOP_ANALYSIS = YES;
				CLANG_WARN_STRICT_PROTOTYPES = YES;
				CLANG_WARN_SUSPICIOUS_MOVE = YES;
				CLANG_WARN_UNGUARDED_AVAILABILITY = YES_AGGRESSIVE;
				CLANG_WARN_UNREACHABLE_CODE = YES;
				CLANG_WARN__DUPLICATE_METHOD_MATCH = YES;
				COPY_PHASE_STRIP = NO;
				DEBUG_INFORMATION_FORMAT = "dwarf-with-dsym";
				ENABLE_NS_ASSERTIONS = NO;
				ENABLE_STRICT_OBJC_MSGSEND = YES;
				GCC_C_LANGUAGE_STANDARD = gnu11;
				GCC_NO_COMMON_BLOCKS = YES;
				GCC_WARN_64_TO_32_BIT_CONVERSION = YES;
				GCC_WARN_ABOUT_RETURN_TYPE = YES_ERROR;
				GCC_WARN_UNDECLARED_SELECTOR = YES;
				GCC_WARN_UNINITIALIZED_AUTOS = YES_AGGRESSIVE;
				GCC_WARN_UNUSED_FUNCTION = YES;
				GCC_WARN_UNUSED_VARIABLE = YES;
				IPHONEOS_DEPLOYMENT_TARGET = 16.4;
				MTL_ENABLE_DEBUG_INFO = NO;
				MTL_FAST_MATH = YES;
				SDKROOT = iphoneos;
				SWIFT_COMPILATION_MODE = wholemodule;
				SWIFT_OPTIMIZATION_LEVEL = "-O";
				VALIDATE_PRODUCT = YES;
			};
			name = Release;
		};
		AAB5E2412A577F4900B3377A /* Debug */ = {
			isa = XCBuildConfiguration;
			buildSettings = {
				ASSETCATALOG_COMPILER_APPICON_NAME = AppIcon;
				ASSETCATALOG_COMPILER_GLOBAL_ACCENT_COLOR_NAME = AccentColor;
				CODE_SIGN_STYLE = Automatic;
				CURRENT_PROJECT_VERSION = 1;
				DEVELOPMENT_TEAM = 8466KWKXT4;
				GENERATE_INFOPLIST_FILE = YES;
				INFOPLIST_FILE = MyColorMemoApp/Info.plist;
				INFOPLIST_KEY_UIApplicationSupportsIndirectInputEvents = YES;
				INFOPLIST_KEY_UILaunchStoryboardName = LaunchScreen;
				INFOPLIST_KEY_UIMainStoryboardFile = Main;
				INFOPLIST_KEY_UISupportedInterfaceOrientations_iPad = "UIInterfaceOrientationPortrait UIInterfaceOrientationPortraitUpsideDown UIInterfaceOrientationLandscapeLeft UIInterfaceOrientationLandscapeRight";
				INFOPLIST_KEY_UISupportedInterfaceOrientations_iPhone = "UIInterfaceOrientationPortrait UIInterfaceOrientationLandscapeLeft UIInterfaceOrientationLandscapeRight";
				LD_RUNPATH_SEARCH_PATHS = (
					"$(inherited)",
					"@executable_path/Frameworks",
				);
				MARKETING_VERSION = 1.0;
				PRODUCT_BUNDLE_IDENTIFIER = training.MyColorMemoApp;
				PRODUCT_NAME = "$(TARGET_NAME)";
				SWIFT_EMIT_LOC_STRINGS = YES;
				SWIFT_VERSION = 5.0;
				TARGETED_DEVICE_FAMILY = "1,2";
			};
			name = Debug;
		};
		AAB5E2422A577F4900B3377A /* Release */ = {
			isa = XCBuildConfiguration;
			buildSettings = {
				ASSETCATALOG_COMPILER_APPICON_NAME = AppIcon;
				ASSETCATALOG_COMPILER_GLOBAL_ACCENT_COLOR_NAME = AccentColor;
				CODE_SIGN_STYLE = Automatic;
				CURRENT_PROJECT_VERSION = 1;
				DEVELOPMENT_TEAM = 8466KWKXT4;
				GENERATE_INFOPLIST_FILE = YES;
				INFOPLIST_FILE = MyColorMemoApp/Info.plist;
				INFOPLIST_KEY_UIApplicationSupportsIndirectInputEvents = YES;
				INFOPLIST_KEY_UILaunchStoryboardName = LaunchScreen;
				INFOPLIST_KEY_UIMainStoryboardFile = Main;
				INFOPLIST_KEY_UISupportedInterfaceOrientations_iPad = "UIInterfaceOrientationPortrait UIInterfaceOrientationPortraitUpsideDown UIInterfaceOrientationLandscapeLeft UIInterfaceOrientationLandscapeRight";
				INFOPLIST_KEY_UISupportedInterfaceOrientations_iPhone = "UIInterfaceOrientationPortrait UIInterfaceOrientationLandscapeLeft UIInterfaceOrientationLandscapeRight";
				LD_RUNPATH_SEARCH_PATHS = (
					"$(inherited)",
					"@executable_path/Frameworks",
				);
				MARKETING_VERSION = 1.0;
				PRODUCT_BUNDLE_IDENTIFIER = training.MyColorMemoApp;
				PRODUCT_NAME = "$(TARGET_NAME)";
				SWIFT_EMIT_LOC_STRINGS = YES;
				SWIFT_VERSION = 5.0;
				TARGETED_DEVICE_FAMILY = "1,2";
			};
			name = Release;
		};
		AAB5E2442A577F4900B3377A /* Debug */ = {
			isa = XCBuildConfiguration;
			buildSettings = {
				ALWAYS_EMBED_SWIFT_STANDARD_LIBRARIES = YES;
				BUNDLE_LOADER = "$(TEST_HOST)";
				CODE_SIGN_STYLE = Automatic;
				CURRENT_PROJECT_VERSION = 1;
				DEVELOPMENT_TEAM = 8466KWKXT4;
				GENERATE_INFOPLIST_FILE = YES;
				IPHONEOS_DEPLOYMENT_TARGET = 16.4;
				MARKETING_VERSION = 1.0;
				PRODUCT_BUNDLE_IDENTIFIER = training.MyColorMemoAppTests;
				PRODUCT_NAME = "$(TARGET_NAME)";
				SWIFT_EMIT_LOC_STRINGS = NO;
				SWIFT_VERSION = 5.0;
				TARGETED_DEVICE_FAMILY = "1,2";
				TEST_HOST = "$(BUILT_PRODUCTS_DIR)/MyColorMemoApp.app/$(BUNDLE_EXECUTABLE_FOLDER_PATH)/MyColorMemoApp";
			};
			name = Debug;
		};
		AAB5E2452A577F4900B3377A /* Release */ = {
			isa = XCBuildConfiguration;
			buildSettings = {
				ALWAYS_EMBED_SWIFT_STANDARD_LIBRARIES = YES;
				BUNDLE_LOADER = "$(TEST_HOST)";
				CODE_SIGN_STYLE = Automatic;
				CURRENT_PROJECT_VERSION = 1;
				DEVELOPMENT_TEAM = 8466KWKXT4;
				GENERATE_INFOPLIST_FILE = YES;
				IPHONEOS_DEPLOYMENT_TARGET = 16.4;
				MARKETING_VERSION = 1.0;
				PRODUCT_BUNDLE_IDENTIFIER = training.MyColorMemoAppTests;
				PRODUCT_NAME = "$(TARGET_NAME)";
				SWIFT_EMIT_LOC_STRINGS = NO;
				SWIFT_VERSION = 5.0;
				TARGETED_DEVICE_FAMILY = "1,2";
				TEST_HOST = "$(BUILT_PRODUCTS_DIR)/MyColorMemoApp.app/$(BUNDLE_EXECUTABLE_FOLDER_PATH)/MyColorMemoApp";
			};
			name = Release;
		};
		AAB5E2472A577F4900B3377A /* Debug */ = {
			isa = XCBuildConfiguration;
			buildSettings = {
				ALWAYS_EMBED_SWIFT_STANDARD_LIBRARIES = YES;
				CODE_SIGN_STYLE = Automatic;
				CURRENT_PROJECT_VERSION = 1;
				DEVELOPMENT_TEAM = 8466KWKXT4;
				GENERATE_INFOPLIST_FILE = YES;
				MARKETING_VERSION = 1.0;
				PRODUCT_BUNDLE_IDENTIFIER = training.MyColorMemoAppUITests;
				PRODUCT_NAME = "$(TARGET_NAME)";
				SWIFT_EMIT_LOC_STRINGS = NO;
				SWIFT_VERSION = 5.0;
				TARGETED_DEVICE_FAMILY = "1,2";
				TEST_TARGET_NAME = MyColorMemoApp;
			};
			name = Debug;
		};
		AAB5E2482A577F4900B3377A /* Release */ = {
			isa = XCBuildConfiguration;
			buildSettings = {
				ALWAYS_EMBED_SWIFT_STANDARD_LIBRARIES = YES;
				CODE_SIGN_STYLE = Automatic;
				CURRENT_PROJECT_VERSION = 1;
				DEVELOPMENT_TEAM = 8466KWKXT4;
				GENERATE_INFOPLIST_FILE = YES;
				MARKETING_VERSION = 1.0;
				PRODUCT_BUNDLE_IDENTIFIER = training.MyColorMemoAppUITests;
				PRODUCT_NAME = "$(TARGET_NAME)";
				SWIFT_EMIT_LOC_STRINGS = NO;
				SWIFT_VERSION = 5.0;
				TARGETED_DEVICE_FAMILY = "1,2";
				TEST_TARGET_NAME = MyColorMemoApp;
			};
			name = Release;
		};
/* End XCBuildConfiguration section */

/* Begin XCConfigurationList section */
		AAB5E2112A577F4700B3377A /* Build configuration list for PBXProject "MyColorMemoApp" */ = {
			isa = XCConfigurationList;
			buildConfigurations = (
				AAB5E23E2A577F4900B3377A /* Debug */,
				AAB5E23F2A577F4900B3377A /* Release */,
			);
			defaultConfigurationIsVisible = 0;
			defaultConfigurationName = Release;
		};
		AAB5E2402A577F4900B3377A /* Build configuration list for PBXNativeTarget "MyColorMemoApp" */ = {
			isa = XCConfigurationList;
			buildConfigurations = (
				AAB5E2412A577F4900B3377A /* Debug */,
				AAB5E2422A577F4900B3377A /* Release */,
			);
			defaultConfigurationIsVisible = 0;
			defaultConfigurationName = Release;
		};
		AAB5E2432A577F4900B3377A /* Build configuration list for PBXNativeTarget "MyColorMemoAppTests" */ = {
			isa = XCConfigurationList;
			buildConfigurations = (
				AAB5E2442A577F4900B3377A /* Debug */,
				AAB5E2452A577F4900B3377A /* Release */,
			);
			defaultConfigurationIsVisible = 0;
			defaultConfigurationName = Release;
		};
		AAB5E2462A577F4900B3377A /* Build configuration list for PBXNativeTarget "MyColorMemoAppUITests" */ = {
			isa = XCConfigurationList;
			buildConfigurations = (
				AAB5E2472A577F4900B3377A /* Debug */,
				AAB5E2482A577F4900B3377A /* Release */,
			);
			defaultConfigurationIsVisible = 0;
			defaultConfigurationName = Release;
		};
/* End XCConfigurationList section */
	};
	rootObject = AAB5E20E2A577F4700B3377A /* Project object */;
}
